
Microsoft Visual Studio Solution File, Format Version 12.00
# Visual Studio Version 17
VisualStudioVersion = 17.2.32630.192
MinimumVisualStudioVersion = 10.0.40219.1
Project("{8BC9CEB8-8B4A-11D0-8D11-00A0C91BC942}") = "Portals", "Portals\Portals.vcxproj", "{46CF5C7C-7BB3-4982-BA41-AAF31B97B9EC}"
EndProject
Global
	GlobalSection(SolutionConfigurationPlatforms) = preSolution
		Debug|x64 = Debug|x64
		Debug|x86 = Debug|x86
		Release|x64 = Release|x64
		Release|x86 = Release|x86
	EndGlobalSection
	GlobalSection(ProjectConfigurationPlatforms) = postSolution
		{46CF5C7C-7BB3-4982-BA41-AAF31B97B9EC}.Debug|x64.ActiveCfg = Debug|x64
		{46CF5C7C-7BB3-4982-BA41-AAF31B97B9EC}.Debug|x64.Build.0 = Debug|x64
		{46CF5C7C-7BB3-4982-BA41-AAF31B97B9EC}.Debug|x86.ActiveCfg = Debug|Win32
		{46CF5C7C-7BB3-4982-BA41-AAF31B97B9EC}.Debug|x86.Build.0 = Debug|Win32
		{46CF5C7C-7BB3-4982-BA41-AAF31B97B9EC}.Release|x64.ActiveCfg = Release|x64
		{46CF5C7C-7BB3-4982-BA41-AAF31B97B9EC}.Release|x64.Build.0 = Release|x64
		{46CF5C7C-7BB3-4982-BA41-AAF31B97B9EC}.Release|x86.ActiveCfg = Release|Win32
		{46CF5C7C-7BB3-4982-BA41-AAF31B97B9EC}.Release|x86.Build.0 = Release|Win32
	EndGlobalSection
	GlobalSection(SolutionProperties) = preSolution
		HideSolutionNode = FALSE
	EndGlobalSection
	GlobalSection(ExtensibilityGlobals) = postSolution
		SolutionGuid = {59427356-5CB6-4E98-915B-350834D36AC2}
	EndGlobalSection
EndGlobal
